// !$*UTF8*$!
{
	archiveVersion = 1;
	classes = {
	};
	objectVersion = 46;
	objects = {

/* Begin PBXBuildFile section */
		2AC2F4CD18D99B440078985F /* Foundation.framework in Frameworks */ = {isa = PBXBuildFile; fileRef = 2AC2F4CC18D99B440078985F /* Foundation.framework */; };
		2AC2F4D218D99B440078985F /* StaticResources.h in CopyFiles */ = {isa = PBXBuildFile; fileRef = 2AC2F4D118D99B440078985F /* StaticResources.h */; };
		2AC2F4D418D99B440078985F /* StaticResources.m in Sources */ = {isa = PBXBuildFile; fileRef = 2AC2F4D318D99B440078985F /* StaticResources.m */; };
		2AC2F4DB18D99B440078985F /* XCTest.framework in Frameworks */ = {isa = PBXBuildFile; fileRef = 2AC2F4DA18D99B440078985F /* XCTest.framework */; };
		2AC2F4DC18D99B440078985F /* Foundation.framework in Frameworks */ = {isa = PBXBuildFile; fileRef = 2AC2F4CC18D99B440078985F /* Foundation.framework */; };
		2AC2F4DE18D99B440078985F /* UIKit.framework in Frameworks */ = {isa = PBXBuildFile; fileRef = 2AC2F4DD18D99B440078985F /* UIKit.framework */; };
		2AC2F4E118D99B440078985F /* libStaticResources.a in Frameworks */ = {isa = PBXBuildFile; fileRef = 2AC2F4C918D99B440078985F /* libStaticResources.a */; };
		2AC2F4E718D99B440078985F /* InfoPlist.strings in Resources */ = {isa = PBXBuildFile; fileRef = 2AC2F4E518D99B440078985F /* InfoPlist.strings */; };
		2AC2F4E918D99B440078985F /* StaticResourcesTests.m in Sources */ = {isa = PBXBuildFile; fileRef = 2AC2F4E818D99B440078985F /* StaticResourcesTests.m */; };
/* End PBXBuildFile section */

/* Begin PBXContainerItemProxy section */
		2AC2F4DF18D99B440078985F /* PBXContainerItemProxy */ = {
			isa = PBXContainerItemProxy;
			containerPortal = 2AC2F4C118D99B440078985F /* Project object */;
			proxyType = 1;
			remoteGlobalIDString = 2AC2F4C818D99B440078985F;
			remoteInfo = StaticResources;
		};
/* End PBXContainerItemProxy section */

/* Begin PBXCopyFilesBuildPhase section */
		2AC2F4C718D99B440078985F /* CopyFiles */ = {
			isa = PBXCopyFilesBuildPhase;
			buildActionMask = 2147483647;
			dstPath = "include/$(PRODUCT_NAME)";
			dstSubfolderSpec = 16;
			files = (
				2AC2F4D218D99B440078985F /* StaticResources.h in CopyFiles */,
			);
			runOnlyForDeploymentPostprocessing = 0;
		};
/* End PBXCopyFilesBuildPhase section */

/* Begin PBXFileReference section */
		2AC2F4C918D99B440078985F /* libStaticResources.a */ = {isa = PBXFileReference; explicitFileType = archive.ar; includeInIndex = 0; path = libStaticResources.a; sourceTree = BUILT_PRODUCTS_DIR; };
		2AC2F4CC18D99B440078985F /* Foundation.framework */ = {isa = PBXFileReference; lastKnownFileType = wrapper.framework; name = Foundation.framework; path = System/Library/Frameworks/Foundation.framework; sourceTree = SDKROOT; };
		2AC2F4D018D99B440078985F /* StaticResources-Prefix.pch */ = {isa = PBXFileReference; lastKnownFileType = sourcecode.c.h; path = "StaticResources-Prefix.pch"; sourceTree = "<group>"; };
		2AC2F4D118D99B440078985F /* StaticResources.h */ = {isa = PBXFileReference; lastKnownFileType = sourcecode.c.h; path = StaticResources.h; sourceTree = "<group>"; };
		2AC2F4D318D99B440078985F /* StaticResources.m */ = {isa = PBXFileReference; lastKnownFileType = sourcecode.c.objc; path = StaticResources.m; sourceTree = "<group>"; };
		2AC2F4D918D99B440078985F /* StaticResourcesTests.xctest */ = {isa = PBXFileReference; explicitFileType = wrapper.cfbundle; includeInIndex = 0; path = StaticResourcesTests.xctest; sourceTree = BUILT_PRODUCTS_DIR; };
		2AC2F4DA18D99B440078985F /* XCTest.framework */ = {isa = PBXFileReference; lastKnownFileType = wrapper.framework; name = XCTest.framework; path = Library/Frameworks/XCTest.framework; sourceTree = DEVELOPER_DIR; };
		2AC2F4DD18D99B440078985F /* UIKit.framework */ = {isa = PBXFileReference; lastKnownFileType = wrapper.framework; name = UIKit.framework; path = Library/Frameworks/UIKit.framework; sourceTree = DEVELOPER_DIR; };
		2AC2F4E418D99B440078985F /* StaticResourcesTests-Info.plist */ = {isa = PBXFileReference; lastKnownFileType = text.plist.xml; path = "StaticResourcesTests-Info.plist"; sourceTree = "<group>"; };
		2AC2F4E618D99B440078985F /* en */ = {isa = PBXFileReference; lastKnownFileType = text.plist.strings; name = en; path = en.lproj/InfoPlist.strings; sourceTree = "<group>"; };
		2AC2F4E818D99B440078985F /* StaticResourcesTests.m */ = {isa = PBXFileReference; lastKnownFileType = sourcecode.c.objc; path = StaticResourcesTests.m; sourceTree = "<group>"; };
/* End PBXFileReference section */

/* Begin PBXFrameworksBuildPhase section */
		2AC2F4C618D99B440078985F /* Frameworks */ = {
			isa = PBXFrameworksBuildPhase;
			buildActionMask = 2147483647;
			files = (
				2AC2F4CD18D99B440078985F /* Foundation.framework in Frameworks */,
			);
			runOnlyForDeploymentPostprocessing = 0;
		};
		2AC2F4D618D99B440078985F /* Frameworks */ = {
			isa = PBXFrameworksBuildPhase;
			buildActionMask = 2147483647;
			files = (
				2AC2F4DB18D99B440078985F /* XCTest.framework in Frameworks */,
				2AC2F4E118D99B440078985F /* libStaticResources.a in Frameworks */,
				2AC2F4DE18D99B440078985F /* UIKit.framework in Frameworks */,
				2AC2F4DC18D99B440078985F /* Foundation.framework in Frameworks */,
			);
			runOnlyForDeploymentPostprocessing = 0;
		};
/* End PBXFrameworksBuildPhase section */

/* Begin PBXGroup section */
		2AC2F4C018D99B440078985F = {
			isa = PBXGroup;
			children = (
				2AC2F4CE18D99B440078985F /* StaticResources */,
				2AC2F4E218D99B440078985F /* StaticResourcesTests */,
				2AC2F4CB18D99B440078985F /* Frameworks */,
				2AC2F4CA18D99B440078985F /* Products */,
			);
			sourceTree = "<group>";
		};
		2AC2F4CA18D99B440078985F /* Products */ = {
			isa = PBXGroup;
			children = (
				2AC2F4C918D99B440078985F /* libStaticResources.a */,
				2AC2F4D918D99B440078985F /* StaticResourcesTests.xctest */,
			);
			name = Products;
			sourceTree = "<group>";
		};
		2AC2F4CB18D99B440078985F /* Frameworks */ = {
			isa = PBXGroup;
			children = (
				2AC2F4CC18D99B440078985F /* Foundation.framework */,
				2AC2F4DA18D99B440078985F /* XCTest.framework */,
				2AC2F4DD18D99B440078985F /* UIKit.framework */,
			);
			name = Frameworks;
			sourceTree = "<group>";
		};
		2AC2F4CE18D99B440078985F /* StaticResources */ = {
			isa = PBXGroup;
			children = (
				2AC2F4D118D99B440078985F /* StaticResources.h */,
				2AC2F4D318D99B440078985F /* StaticResources.m */,
				2AC2F4CF18D99B440078985F /* Supporting Files */,
			);
			path = StaticResources;
			sourceTree = "<group>";
		};
		2AC2F4CF18D99B440078985F /* Supporting Files */ = {
			isa = PBXGroup;
			children = (
				2AC2F4D018D99B440078985F /* StaticResources-Prefix.pch */,
			);
			name = "Supporting Files";
			sourceTree = "<group>";
		};
		2AC2F4E218D99B440078985F /* StaticResourcesTests */ = {
			isa = PBXGroup;
			children = (
				2AC2F4E818D99B440078985F /* StaticResourcesTests.m */,
				2AC2F4E318D99B440078985F /* Supporting Files */,
			);
			path = StaticResourcesTests;
			sourceTree = "<group>";
		};
		2AC2F4E318D99B440078985F /* Supporting Files */ = {
			isa = PBXGroup;
			children = (
				2AC2F4E418D99B440078985F /* StaticResourcesTests-Info.plist */,
				2AC2F4E518D99B440078985F /* InfoPlist.strings */,
			);
			name = "Supporting Files";
			sourceTree = "<group>";
		};
/* End PBXGroup section */

/* Begin PBXNativeTarget section */
		2AC2F4C818D99B440078985F /* StaticResources */ = {
			isa = PBXNativeTarget;
			buildConfigurationList = 2AC2F4EC18D99B440078985F /* Build configuration list for PBXNativeTarget "StaticResources" */;
			buildPhases = (
				2AC2F4C518D99B440078985F /* Sources */,
				2AC2F4C618D99B440078985F /* Frameworks */,
				2AC2F4C718D99B440078985F /* CopyFiles */,
			);
			buildRules = (
			);
			dependencies = (
			);
			name = StaticResources;
			productName = StaticResources;
			productReference = 2AC2F4C918D99B440078985F /* libStaticResources.a */;
			productType = "com.apple.product-type.library.static";
		};
		2AC2F4D818D99B440078985F /* StaticResourcesTests */ = {
			isa = PBXNativeTarget;
			buildConfigurationList = 2AC2F4EF18D99B440078985F /* Build configuration list for PBXNativeTarget "StaticResourcesTests" */;
			buildPhases = (
				2AC2F4D518D99B440078985F /* Sources */,
				2AC2F4D618D99B440078985F /* Frameworks */,
				2AC2F4D718D99B440078985F /* Resources */,
			);
			buildRules = (
			);
			dependencies = (
				2AC2F4E018D99B440078985F /* PBXTargetDependency */,
			);
			name = StaticResourcesTests;
			productName = StaticResourcesTests;
			productReference = 2AC2F4D918D99B440078985F /* StaticResourcesTests.xctest */;
			productType = "com.apple.product-type.bundle.unit-test";
		};
/* End PBXNativeTarget section */

/* Begin PBXProject section */
		2AC2F4C118D99B440078985F /* Project object */ = {
			isa = PBXProject;
			attributes = {
				LastUpgradeCheck = 0510;
				ORGANIZATIONNAME = "Chris Purtell";
			};
			buildConfigurationList = 2AC2F4C418D99B440078985F /* Build configuration list for PBXProject "StaticResources" */;
			compatibilityVersion = "Xcode 3.2";
			developmentRegion = English;
			hasScannedForEncodings = 0;
			knownRegions = (
				en,
			);
			mainGroup = 2AC2F4C018D99B440078985F;
			productRefGroup = 2AC2F4CA18D99B440078985F /* Products */;
			projectDirPath = "";
			projectRoot = "";
			targets = (
				2AC2F4C818D99B440078985F /* StaticResources */,
				2AC2F4D818D99B440078985F /* StaticResourcesTests */,
			);
		};
/* End PBXProject section */

/* Begin PBXResourcesBuildPhase section */
		2AC2F4D718D99B440078985F /* Resources */ = {
			isa = PBXResourcesBuildPhase;
			buildActionMask = 2147483647;
			files = (
				2AC2F4E718D99B440078985F /* InfoPlist.strings in Resources */,
			);
			runOnlyForDeploymentPostprocessing = 0;
		};
/* End PBXResourcesBuildPhase section */

/* Begin PBXSourcesBuildPhase section */
		2AC2F4C518D99B440078985F /* Sources */ = {
			isa = PBXSourcesBuildPhase;
			buildActionMask = 2147483647;
			files = (
				2AC2F4D418D99B440078985F /* StaticResources.m in Sources */,
			);
			runOnlyForDeploymentPostprocessing = 0;
		};
		2AC2F4D518D99B440078985F /* Sources */ = {
			isa = PBXSourcesBuildPhase;
			buildActionMask = 2147483647;
			files = (
				2AC2F4E918D99B440078985F /* StaticResourcesTests.m in Sources */,
			);
			runOnlyForDeploymentPostprocessing = 0;
		};
/* End PBXSourcesBuildPhase section */

/* Begin PBXTargetDependency section */
		2AC2F4E018D99B440078985F /* PBXTargetDependency */ = {
			isa = PBXTargetDependency;
			target = 2AC2F4C818D99B440078985F /* StaticResources */;
			targetProxy = 2AC2F4DF18D99B440078985F /* PBXContainerItemProxy */;
		};
/* End PBXTargetDependency section */

/* Begin PBXVariantGroup section */
		2AC2F4E518D99B440078985F /* InfoPlist.strings */ = {
			isa = PBXVariantGroup;
			children = (
				2AC2F4E618D99B440078985F /* en */,
			);
			name = InfoPlist.strings;
			sourceTree = "<group>";
		};
/* End PBXVariantGroup section */

/* Begin XCBuildConfiguration section */
		2AC2F4EA18D99B440078985F /* Debug */ = {
			isa = XCBuildConfiguration;
			buildSettings = {
				ALWAYS_SEARCH_USER_PATHS = NO;
				CLANG_CXX_LANGUAGE_STANDARD = "gnu++0x";
				CLANG_CXX_LIBRARY = "libc++";
				CLANG_ENABLE_MODULES = YES;
				CLANG_ENABLE_OBJC_ARC = YES;
				CLANG_WARN_BOOL_CONVERSION = YES;
				CLANG_WARN_CONSTANT_CONVERSION = YES;
				CLANG_WARN_DIRECT_OBJC_ISA_USAGE = YES_ERROR;
				CLANG_WARN_EMPTY_BODY = YES;
				CLANG_WARN_ENUM_CONVERSION = YES;
				CLANG_WARN_INT_CONVERSION = YES;
				CLANG_WARN_OBJC_ROOT_CLASS = YES_ERROR;
				CLANG_WARN__DUPLICATE_METHOD_MATCH = YES;
				COPY_PHASE_STRIP = NO;
				GCC_C_LANGUAGE_STANDARD = gnu99;
				GCC_DYNAMIC_NO_PIC = NO;
				GCC_OPTIMIZATION_LEVEL = 0;
				GCC_PREPROCESSOR_DEFINITIONS = (
					"DEBUG=1",
					"$(inherited)",
				);
				GCC_SYMBOLS_PRIVATE_EXTERN = NO;
				GCC_WARN_64_TO_32_BIT_CONVERSION = YES;
				GCC_WARN_ABOUT_RETURN_TYPE = YES_ERROR;
				GCC_WARN_UNDECLARED_SELECTOR = YES;
				GCC_WARN_UNINITIALIZED_AUTOS = YES_AGGRESSIVE;
				GCC_WARN_UNUSED_FUNCTION = YES;
				GCC_WARN_UNUSED_VARIABLE = YES;
				IPHONEOS_DEPLOYMENT_TARGET = 7.1;
				ONLY_ACTIVE_ARCH = YES;
				SDKROOT = iphoneos;
			};
			name = Debug;
		};
		2AC2F4EB18D99B440078985F /* Release */ = {
			isa = XCBuildConfiguration;
			buildSettings = {
				ALWAYS_SEARCH_USER_PATHS = NO;
				CLANG_CXX_LANGUAGE_STANDARD = "gnu++0x";
				CLANG_CXX_LIBRARY = "libc++";
				CLANG_ENABLE_MODULES = YES;
				CLANG_ENABLE_OBJC_ARC = YES;
				CLANG_WARN_BOOL_CONVERSION = YES;
				CLANG_WARN_CONSTANT_CONVERSION = YES;
				CLANG_WARN_DIRECT_OBJC_ISA_USAGE = YES_ERROR;
				CLANG_WARN_EMPTY_BODY = YES;
				CLANG_WARN_ENUM_CONVERSION = YES;
				CLANG_WARN_INT_CONVERSION = YES;
				CLANG_WARN_OBJC_ROOT_CLASS = YES_ERROR;
				CLANG_WARN__DUPLICATE_METHOD_MATCH = YES;
				COPY_PHASE_STRIP = YES;
				ENABLE_NS_ASSERTIONS = NO;
				GCC_C_LANGUAGE_STANDARD = gnu99;
				GCC_WARN_64_TO_32_BIT_CONVERSION = YES;
				GCC_WARN_ABOUT_RETURN_TYPE = YES_ERROR;
				GCC_WARN_UNDECLARED_SELECTOR = YES;
				GCC_WARN_UNINITIALIZED_AUTOS = YES_AGGRESSIVE;
				GCC_WARN_UNUSED_FUNCTION = YES;
				GCC_WARN_UNUSED_VARIABLE = YES;
				IPHONEOS_DEPLOYMENT_TARGET = 7.1;
				SDKROOT = iphoneos;
				VALIDATE_PRODUCT = YES;
			};
			name = Release;
		};
		2AC2F4ED18D99B440078985F /* Debug */ = {
			isa = XCBuildConfiguration;
			buildSettings = {
				DSTROOT = /tmp/StaticResources.dst;
				GCC_PRECOMPILE_PREFIX_HEADER = YES;
				GCC_PREFIX_HEADER = "StaticResources/StaticResources-Prefix.pch";
				OTHER_LDFLAGS = "-ObjC";
				PRODUCT_NAME = "$(TARGET_NAME)";
				SKIP_INSTALL = YES;
			};
			name = Debug;
		};
		2AC2F4EE18D99B440078985F /* Release */ = {
			isa = XCBuildConfiguration;
			buildSettings = {
				DSTROOT = /tmp/StaticResources.dst;
				GCC_PRECOMPILE_PREFIX_HEADER = YES;
				GCC_PREFIX_HEADER = "StaticResources/StaticResources-Prefix.pch";
				OTHER_LDFLAGS = "-ObjC";
				PRODUCT_NAME = "$(TARGET_NAME)";
				SKIP_INSTALL = YES;
			};
			name = Release;
		};
		2AC2F4F018D99B440078985F /* Debug */ = {
			isa = XCBuildConfiguration;
			buildSettings = {
				FRAMEWORK_SEARCH_PATHS = (
					"$(SDKROOT)/Developer/Library/Frameworks",
					"$(inherited)",
					"$(DEVELOPER_FRAMEWORKS_DIR)",
				);
				GCC_PRECOMPILE_PREFIX_HEADER = YES;
				GCC_PREFIX_HEADER = "StaticResources/StaticResources-Prefix.pch";
				GCC_PREPROCESSOR_DEFINITIONS = (
					"DEBUG=1",
					"$(inherited)",
				);
				INFOPLIST_FILE = "StaticResourcesTests/StaticResourcesTests-Info.plist";
				PRODUCT_NAME = "$(TARGET_NAME)";
				WRAPPER_EXTENSION = xctest;
			};
			name = Debug;
		};
		2AC2F4F118D99B440078985F /* Release */ = {
			isa = XCBuildConfiguration;
			buildSettings = {
				FRAMEWORK_SEARCH_PATHS = (
					"$(SDKROOT)/Developer/Library/Frameworks",
					"$(inherited)",
					"$(DEVELOPER_FRAMEWORKS_DIR)",
				);
				GCC_PRECOMPILE_PREFIX_HEADER = YES;
				GCC_PREFIX_HEADER = "StaticResources/StaticResources-Prefix.pch";
				INFOPLIST_FILE = "StaticResourcesTests/StaticResourcesTests-Info.plist";
				PRODUCT_NAME = "$(TARGET_NAME)";
				WRAPPER_EXTENSION = xctest;
			};
			name = Release;
		};
/* End XCBuildConfiguration section */

/* Begin XCConfigurationList section */
		2AC2F4C418D99B440078985F /* Build configuration list for PBXProject "StaticResources" */ = {
			isa = XCConfigurationList;
			buildConfigurations = (
				2AC2F4EA18D99B440078985F /* Debug */,
				2AC2F4EB18D99B440078985F /* Release */,
			);
			defaultConfigurationIsVisible = 0;
			defaultConfigurationName = Release;
		};
		2AC2F4EC18D99B440078985F /* Build configuration list for PBXNativeTarget "StaticResources" */ = {
			isa = XCConfigurationList;
			buildConfigurations = (
				2AC2F4ED18D99B440078985F /* Debug */,
				2AC2F4EE18D99B440078985F /* Release */,
			);
			defaultConfigurationIsVisible = 0;
		};
		2AC2F4EF18D99B440078985F /* Build configuration list for PBXNativeTarget "StaticResourcesTests" */ = {
			isa = XCConfigurationList;
			buildConfigurations = (
				2AC2F4F018D99B440078985F /* Debug */,
				2AC2F4F118D99B440078985F /* Release */,
			);
			defaultConfigurationIsVisible = 0;
		};
/* End XCConfigurationList section */
	};
	rootObject = 2AC2F4C118D99B440078985F /* Project object */;
}
